// !$*UTF8*$!
{
	archiveVersion = 1;
	classes = {
	};
	objectVersion = 56;
	objects = {

/* Begin PBXBuildFile section */
		7B63918B2A338AF700C3D4C4 /* MissionView.swift in Sources */ = {isa = PBXBuildFile; fileRef = 7B63918A2A338AF700C3D4C4 /* MissionView.swift */; };
		7B63918D2A3443C600C3D4C4 /* AstronautView.swift in Sources */ = {isa = PBXBuildFile; fileRef = 7B63918C2A3443C600C3D4C4 /* AstronautView.swift */; };
		7B63918F2A34584B00C3D4C4 /* CrewMemberView.swift in Sources */ = {isa = PBXBuildFile; fileRef = 7B63918E2A34584B00C3D4C4 /* CrewMemberView.swift */; };
		7B6391912A3459A300C3D4C4 /* LogoView.swift in Sources */ = {isa = PBXBuildFile; fileRef = 7B6391902A3459A300C3D4C4 /* LogoView.swift */; };
		7B6391932A345C5E00C3D4C4 /* GridLayout.swift in Sources */ = {isa = PBXBuildFile; fileRef = 7B6391922A345C5E00C3D4C4 /* GridLayout.swift */; };
		7B6391952A345E9800C3D4C4 /* ListLayout.swift in Sources */ = {isa = PBXBuildFile; fileRef = 7B6391942A345E9800C3D4C4 /* ListLayout.swift */; };
		7BD0CE132A33131900571916 /* MoonshotApp.swift in Sources */ = {isa = PBXBuildFile; fileRef = 7BD0CE122A33131900571916 /* MoonshotApp.swift */; };
		7BD0CE152A33131900571916 /* ContentView.swift in Sources */ = {isa = PBXBuildFile; fileRef = 7BD0CE142A33131900571916 /* ContentView.swift */; };
		7BD0CE172A33131B00571916 /* Assets.xcassets in Resources */ = {isa = PBXBuildFile; fileRef = 7BD0CE162A33131B00571916 /* Assets.xcassets */; };
		7BD0CE1A2A33131B00571916 /* Preview Assets.xcassets in Resources */ = {isa = PBXBuildFile; fileRef = 7BD0CE192A33131B00571916 /* Preview Assets.xcassets */; };
		7BD0CE212A33156700571916 /* GeometryReaderView.swift in Sources */ = {isa = PBXBuildFile; fileRef = 7BD0CE202A33156700571916 /* GeometryReaderView.swift */; };
		7BD0CE232A3319A600571916 /* ScrollViewView.swift in Sources */ = {isa = PBXBuildFile; fileRef = 7BD0CE222A3319A600571916 /* ScrollViewView.swift */; };
		7BD0CE252A331FC600571916 /* NavigationLink.swift in Sources */ = {isa = PBXBuildFile; fileRef = 7BD0CE242A331FC600571916 /* NavigationLink.swift */; };
		7BD0CE292A332A7E00571916 /* CodableView.swift in Sources */ = {isa = PBXBuildFile; fileRef = 7BD0CE282A332A7E00571916 /* CodableView.swift */; };
		7BD0CE2B2A332C5100571916 /* GridView.swift in Sources */ = {isa = PBXBuildFile; fileRef = 7BD0CE2A2A332C5100571916 /* GridView.swift */; };
		7BD0CE2F2A3341B200571916 /* astronauts.json in Resources */ = {isa = PBXBuildFile; fileRef = 7BD0CE2D2A3341B200571916 /* astronauts.json */; };
		7BD0CE302A3341B200571916 /* missions.json in Resources */ = {isa = PBXBuildFile; fileRef = 7BD0CE2E2A3341B200571916 /* missions.json */; };
		7BD0CE342A336F7600571916 /* Bundle-Decodable.swift in Sources */ = {isa = PBXBuildFile; fileRef = 7BD0CE332A336F7600571916 /* Bundle-Decodable.swift */; };
		7BD0CE362A336FB800571916 /* Astronaut.swift in Sources */ = {isa = PBXBuildFile; fileRef = 7BD0CE352A336FB800571916 /* Astronaut.swift */; };
		7BD0CE3A2A33743400571916 /* Mission.swift in Sources */ = {isa = PBXBuildFile; fileRef = 7BD0CE392A33743400571916 /* Mission.swift */; };
		7BD0CE3C2A337F5700571916 /* Color-Theme.swift in Sources */ = {isa = PBXBuildFile; fileRef = 7BD0CE3B2A337F5700571916 /* Color-Theme.swift */; };
/* End PBXBuildFile section */

/* Begin PBXFileReference section */
		7B63918A2A338AF700C3D4C4 /* MissionView.swift */ = {isa = PBXFileReference; lastKnownFileType = sourcecode.swift; path = MissionView.swift; sourceTree = "<group>"; };
		7B63918C2A3443C600C3D4C4 /* AstronautView.swift */ = {isa = PBXFileReference; lastKnownFileType = sourcecode.swift; path = AstronautView.swift; sourceTree = "<group>"; };
		7B63918E2A34584B00C3D4C4 /* CrewMemberView.swift */ = {isa = PBXFileReference; lastKnownFileType = sourcecode.swift; path = CrewMemberView.swift; sourceTree = "<group>"; };
		7B6391902A3459A300C3D4C4 /* LogoView.swift */ = {isa = PBXFileReference; lastKnownFileType = sourcecode.swift; path = LogoView.swift; sourceTree = "<group>"; };
		7B6391922A345C5E00C3D4C4 /* GridLayout.swift */ = {isa = PBXFileReference; lastKnownFileType = sourcecode.swift; path = GridLayout.swift; sourceTree = "<group>"; };
		7B6391942A345E9800C3D4C4 /* ListLayout.swift */ = {isa = PBXFileReference; lastKnownFileType = sourcecode.swift; path = ListLayout.swift; sourceTree = "<group>"; };
		7BD0CE0F2A33131900571916 /* Moonshot.app */ = {isa = PBXFileReference; explicitFileType = wrapper.application; includeInIndex = 0; path = Moonshot.app; sourceTree = BUILT_PRODUCTS_DIR; };
		7BD0CE122A33131900571916 /* MoonshotApp.swift */ = {isa = PBXFileReference; lastKnownFileType = sourcecode.swift; path = MoonshotApp.swift; sourceTree = "<group>"; };
		7BD0CE142A33131900571916 /* ContentView.swift */ = {isa = PBXFileReference; lastKnownFileType = sourcecode.swift; path = ContentView.swift; sourceTree = "<group>"; };
		7BD0CE162A33131B00571916 /* Assets.xcassets */ = {isa = PBXFileReference; lastKnownFileType = folder.assetcatalog; path = Assets.xcassets; sourceTree = "<group>"; };
		7BD0CE192A33131B00571916 /* Preview Assets.xcassets */ = {isa = PBXFileReference; lastKnownFileType = folder.assetcatalog; path = "Preview Assets.xcassets"; sourceTree = "<group>"; };
		7BD0CE202A33156700571916 /* GeometryReaderView.swift */ = {isa = PBXFileReference; lastKnownFileType = sourcecode.swift; path = GeometryReaderView.swift; sourceTree = "<group>"; };
		7BD0CE222A3319A600571916 /* ScrollViewView.swift */ = {isa = PBXFileReference; lastKnownFileType = sourcecode.swift; path = ScrollViewView.swift; sourceTree = "<group>"; };
		7BD0CE242A331FC600571916 /* NavigationLink.swift */ = {isa = PBXFileReference; lastKnownFileType = sourcecode.swift; path = NavigationLink.swift; sourceTree = "<group>"; };
		7BD0CE282A332A7E00571916 /* CodableView.swift */ = {isa = PBXFileReference; lastKnownFileType = sourcecode.swift; path = CodableView.swift; sourceTree = "<group>"; };
		7BD0CE2A2A332C5100571916 /* GridView.swift */ = {isa = PBXFileReference; lastKnownFileType = sourcecode.swift; path = GridView.swift; sourceTree = "<group>"; };
		7BD0CE2D2A3341B200571916 /* astronauts.json */ = {isa = PBXFileReference; fileEncoding = 4; lastKnownFileType = text.json; path = astronauts.json; sourceTree = "<group>"; };
		7BD0CE2E2A3341B200571916 /* missions.json */ = {isa = PBXFileReference; fileEncoding = 4; lastKnownFileType = text.json; path = missions.json; sourceTree = "<group>"; };
		7BD0CE332A336F7600571916 /* Bundle-Decodable.swift */ = {isa = PBXFileReference; lastKnownFileType = sourcecode.swift; path = "Bundle-Decodable.swift"; sourceTree = "<group>"; };
		7BD0CE352A336FB800571916 /* Astronaut.swift */ = {isa = PBXFileReference; lastKnownFileType = sourcecode.swift; path = Astronaut.swift; sourceTree = "<group>"; };
		7BD0CE392A33743400571916 /* Mission.swift */ = {isa = PBXFileReference; lastKnownFileType = sourcecode.swift; path = Mission.swift; sourceTree = "<group>"; };
		7BD0CE3B2A337F5700571916 /* Color-Theme.swift */ = {isa = PBXFileReference; lastKnownFileType = sourcecode.swift; path = "Color-Theme.swift"; sourceTree = "<group>"; };
/* End PBXFileReference section */

/* Begin PBXFrameworksBuildPhase section */
		7BD0CE0C2A33131900571916 /* Frameworks */ = {
			isa = PBXFrameworksBuildPhase;
			buildActionMask = 2147483647;
			files = (
			);
			runOnlyForDeploymentPostprocessing = 0;
		};
/* End PBXFrameworksBuildPhase section */

/* Begin PBXGroup section */
		7BD0CE062A33131900571916 = {
			isa = PBXGroup;
			children = (
				7BD0CE112A33131900571916 /* Moonshot */,
				7BD0CE102A33131900571916 /* Products */,
			);
			sourceTree = "<group>";
		};
		7BD0CE102A33131900571916 /* Products */ = {
			isa = PBXGroup;
			children = (
				7BD0CE0F2A33131900571916 /* Moonshot.app */,
			);
			name = Products;
			sourceTree = "<group>";
		};
		7BD0CE112A33131900571916 /* Moonshot */ = {
			isa = PBXGroup;
			children = (
				7BD0CE122A33131900571916 /* MoonshotApp.swift */,
				7BD0CE382A3370EB00571916 /* Model */,
				7BD0CE372A3370E000571916 /* View */,
				7BD0CE332A336F7600571916 /* Bundle-Decodable.swift */,
				7BD0CE3B2A337F5700571916 /* Color-Theme.swift */,
				7BD0CE2C2A33368A00571916 /* Introduction */,
				7BD0CE162A33131B00571916 /* Assets.xcassets */,
				7BD0CE2D2A3341B200571916 /* astronauts.json */,
				7BD0CE2E2A3341B200571916 /* missions.json */,
				7BD0CE182A33131B00571916 /* Preview Content */,
			);
			path = Moonshot;
			sourceTree = "<group>";
		};
		7BD0CE182A33131B00571916 /* Preview Content */ = {
			isa = PBXGroup;
			children = (
				7BD0CE192A33131B00571916 /* Preview Assets.xcassets */,
			);
			path = "Preview Content";
			sourceTree = "<group>";
		};
		7BD0CE2C2A33368A00571916 /* Introduction */ = {
			isa = PBXGroup;
			children = (
				7BD0CE202A33156700571916 /* GeometryReaderView.swift */,
				7BD0CE222A3319A600571916 /* ScrollViewView.swift */,
				7BD0CE242A331FC600571916 /* NavigationLink.swift */,
				7BD0CE282A332A7E00571916 /* CodableView.swift */,
				7BD0CE2A2A332C5100571916 /* GridView.swift */,
			);
			path = Introduction;
			sourceTree = "<group>";
		};
		7BD0CE372A3370E000571916 /* View */ = {
			isa = PBXGroup;
			children = (
				7BD0CE142A33131900571916 /* ContentView.swift */,
				7B6391922A345C5E00C3D4C4 /* GridLayout.swift */,
				7B6391942A345E9800C3D4C4 /* ListLayout.swift */,
				7B63918A2A338AF700C3D4C4 /* MissionView.swift */,
				7B63918E2A34584B00C3D4C4 /* CrewMemberView.swift */,
				7B6391902A3459A300C3D4C4 /* LogoView.swift */,
				7B63918C2A3443C600C3D4C4 /* AstronautView.swift */,
			);
			path = View;
			sourceTree = "<group>";
		};
		7BD0CE382A3370EB00571916 /* Model */ = {
			isa = PBXGroup;
			children = (
				7BD0CE352A336FB800571916 /* Astronaut.swift */,
				7BD0CE392A33743400571916 /* Mission.swift */,
			);
			path = Model;
			sourceTree = "<group>";
		};
/* End PBXGroup section */

/* Begin PBXNativeTarget section */
		7BD0CE0E2A33131900571916 /* Moonshot */ = {
			isa = PBXNativeTarget;
			buildConfigurationList = 7BD0CE1D2A33131B00571916 /* Build configuration list for PBXNativeTarget "Moonshot" */;
			buildPhases = (
				7BD0CE0B2A33131900571916 /* Sources */,
				7BD0CE0C2A33131900571916 /* Frameworks */,
				7BD0CE0D2A33131900571916 /* Resources */,
			);
			buildRules = (
			);
			dependencies = (
			);
			name = Moonshot;
			productName = Moonshot;
			productReference = 7BD0CE0F2A33131900571916 /* Moonshot.app */;
			productType = "com.apple.product-type.application";
		};
/* End PBXNativeTarget section */

/* Begin PBXProject section */
		7BD0CE072A33131900571916 /* Project object */ = {
			isa = PBXProject;
			attributes = {
				BuildIndependentTargetsInParallel = 1;
				LastSwiftUpdateCheck = 1430;
				LastUpgradeCheck = 1430;
				TargetAttributes = {
					7BD0CE0E2A33131900571916 = {
						CreatedOnToolsVersion = 14.3;
					};
				};
			};
			buildConfigurationList = 7BD0CE0A2A33131900571916 /* Build configuration list for PBXProject "Moonshot" */;
			compatibilityVersion = "Xcode 14.0";
			developmentRegion = en;
			hasScannedForEncodings = 0;
			knownRegions = (
				en,
				Base,
			);
			mainGroup = 7BD0CE062A33131900571916;
			productRefGroup = 7BD0CE102A33131900571916 /* Products */;
			projectDirPath = "";
			projectRoot = "";
			targets = (
				7BD0CE0E2A33131900571916 /* Moonshot */,
			);
		};
/* End PBXProject section */

/* Begin PBXResourcesBuildPhase section */
		7BD0CE0D2A33131900571916 /* Resources */ = {
			isa = PBXResourcesBuildPhase;
			buildActionMask = 2147483647;
			files = (
				7BD0CE2F2A3341B200571916 /* astronauts.json in Resources */,
				7BD0CE1A2A33131B00571916 /* Preview Assets.xcassets in Resources */,
				7BD0CE302A3341B200571916 /* missions.json in Resources */,
				7BD0CE172A33131B00571916 /* Assets.xcassets in Resources */,
			);
			runOnlyForDeploymentPostprocessing = 0;
		};
/* End PBXResourcesBuildPhase section */

/* Begin PBXSourcesBuildPhase section */
		7BD0CE0B2A33131900571916 /* Sources */ = {
			isa = PBXSourcesBuildPhase;
			buildActionMask = 2147483647;
			files = (
				7BD0CE362A336FB800571916 /* Astronaut.swift in Sources */,
				7B6391952A345E9800C3D4C4 /* ListLayout.swift in Sources */,
				7BD0CE152A33131900571916 /* ContentView.swift in Sources */,
				7BD0CE3C2A337F5700571916 /* Color-Theme.swift in Sources */,
				7BD0CE292A332A7E00571916 /* CodableView.swift in Sources */,
				7BD0CE232A3319A600571916 /* ScrollViewView.swift in Sources */,
				7B63918F2A34584B00C3D4C4 /* CrewMemberView.swift in Sources */,
				7B63918B2A338AF700C3D4C4 /* MissionView.swift in Sources */,
				7BD0CE342A336F7600571916 /* Bundle-Decodable.swift in Sources */,
				7BD0CE2B2A332C5100571916 /* GridView.swift in Sources */,
				7BD0CE252A331FC600571916 /* NavigationLink.swift in Sources */,
				7B6391912A3459A300C3D4C4 /* LogoView.swift in Sources */,
				7B63918D2A3443C600C3D4C4 /* AstronautView.swift in Sources */,
				7BD0CE132A33131900571916 /* MoonshotApp.swift in Sources */,
				7BD0CE3A2A33743400571916 /* Mission.swift in Sources */,
				7BD0CE212A33156700571916 /* GeometryReaderView.swift in Sources */,
				7B6391932A345C5E00C3D4C4 /* GridLayout.swift in Sources */,
			);
			runOnlyForDeploymentPostprocessing = 0;
		};
/* End PBXSourcesBuildPhase section */

/* Begin XCBuildConfiguration section */
		7BD0CE1B2A33131B00571916 /* Debug */ = {
			isa = XCBuildConfiguration;
			buildSettings = {
				ALWAYS_SEARCH_USER_PATHS = NO;
				CLANG_ANALYZER_NONNULL = YES;
				CLANG_ANALYZER_NUMBER_OBJECT_CONVERSION = YES_AGGRESSIVE;
				CLANG_CXX_LANGUAGE_STANDARD = "gnu++20";
				CLANG_ENABLE_MODULES = YES;
				CLANG_ENABLE_OBJC_ARC = YES;
				CLANG_ENABLE_OBJC_WEAK = YES;
				CLANG_WARN_BLOCK_CAPTURE_AUTORELEASING = YES;
				CLANG_WARN_BOOL_CONVERSION = YES;
				CLANG_WARN_COMMA = YES;
				CLANG_WARN_CONSTANT_CONVERSION = YES;
				CLANG_WARN_DEPRECATED_OBJC_IMPLEMENTATIONS = YES;
				CLANG_WARN_DIRECT_OBJC_ISA_USAGE = YES_ERROR;
				CLANG_WARN_DOCUMENTATION_COMMENTS = YES;
				CLANG_WARN_EMPTY_BODY = YES;
				CLANG_WARN_ENUM_CONVERSION = YES;
				CLANG_WARN_INFINITE_RECURSION = YES;
				CLANG_WARN_INT_CONVERSION = YES;
				CLANG_WARN_NON_LITERAL_NULL_CONVERSION = YES;
				CLANG_WARN_OBJC_IMPLICIT_RETAIN_SELF = YES;
				CLANG_WARN_OBJC_LITERAL_CONVERSION = YES;
				CLANG_WARN_OBJC_ROOT_CLASS = YES_ERROR;
				CLANG_WARN_QUOTED_INCLUDE_IN_FRAMEWORK_HEADER = YES;
				CLANG_WARN_RANGE_LOOP_ANALYSIS = YES;
				CLANG_WARN_STRICT_PROTOTYPES = YES;
				CLANG_WARN_SUSPICIOUS_MOVE = YES;
				CLANG_WARN_UNGUARDED_AVAILABILITY = YES_AGGRESSIVE;
				CLANG_WARN_UNREACHABLE_CODE = YES;
				CLANG_WARN__DUPLICATE_METHOD_MATCH = YES;
				COPY_PHASE_STRIP = NO;
				DEBUG_INFORMATION_FORMAT = dwarf;
				ENABLE_STRICT_OBJC_MSGSEND = YES;
				ENABLE_TESTABILITY = YES;
				GCC_C_LANGUAGE_STANDARD = gnu11;
				GCC_DYNAMIC_NO_PIC = NO;
				GCC_NO_COMMON_BLOCKS = YES;
				GCC_OPTIMIZATION_LEVEL = 0;
				GCC_PREPROCESSOR_DEFINITIONS = (
					"DEBUG=1",
					"$(inherited)",
				);
				GCC_WARN_64_TO_32_BIT_CONVERSION = YES;
				GCC_WARN_ABOUT_RETURN_TYPE = YES_ERROR;
				GCC_WARN_UNDECLARED_SELECTOR = YES;
				GCC_WARN_UNINITIALIZED_AUTOS = YES_AGGRESSIVE;
				GCC_WARN_UNUSED_FUNCTION = YES;
				GCC_WARN_UNUSED_VARIABLE = YES;
				IPHONEOS_DEPLOYMENT_TARGET = 16.4;
				MTL_ENABLE_DEBUG_INFO = INCLUDE_SOURCE;
				MTL_FAST_MATH = YES;
				ONLY_ACTIVE_ARCH = YES;
				SDKROOT = iphoneos;
				SWIFT_ACTIVE_COMPILATION_CONDITIONS = DEBUG;
				SWIFT_OPTIMIZATION_LEVEL = "-Onone";
			};
			name = Debug;
		};
		7BD0CE1C2A33131B00571916 /* Release */ = {
			isa = XCBuildConfiguration;
			buildSettings = {
				ALWAYS_SEARCH_USER_PATHS = NO;
				CLANG_ANALYZER_NONNULL = YES;
				CLANG_ANALYZER_NUMBER_OBJECT_CONVERSION = YES_AGGRESSIVE;
				CLANG_CXX_LANGUAGE_STANDARD = "gnu++20";
				CLANG_ENABLE_MODULES = YES;
				CLANG_ENABLE_OBJC_ARC = YES;
				CLANG_ENABLE_OBJC_WEAK = YES;
				CLANG_WARN_BLOCK_CAPTURE_AUTORELEASING = YES;
				CLANG_WARN_BOOL_CONVERSION = YES;
				CLANG_WARN_COMMA = YES;
				CLANG_WARN_CONSTANT_CONVERSION = YES;
				CLANG_WARN_DEPRECATED_OBJC_IMPLEMENTATIONS = YES;
				CLANG_WARN_DIRECT_OBJC_ISA_USAGE = YES_ERROR;
				CLANG_WARN_DOCUMENTATION_COMMENTS = YES;
				CLANG_WARN_EMPTY_BODY = YES;
				CLANG_WARN_ENUM_CONVERSION = YES;
				CLANG_WARN_INFINITE_RECURSION = YES;
				CLANG_WARN_INT_CONVERSION = YES;
				CLANG_WARN_NON_LITERAL_NULL_CONVERSION = YES;
				CLANG_WARN_OBJC_IMPLICIT_RETAIN_SELF = YES;
				CLANG_WARN_OBJC_LITERAL_CONVERSION = YES;
				CLANG_WARN_OBJC_ROOT_CLASS = YES_ERROR;
				CLANG_WARN_QUOTED_INCLUDE_IN_FRAMEWORK_HEADER = YES;
				CLANG_WARN_RANGE_LOOP_ANALYSIS = YES;
				CLANG_WARN_STRICT_PROTOTYPES = YES;
				CLANG_WARN_SUSPICIOUS_MOVE = YES;
				CLANG_WARN_UNGUARDED_AVAILABILITY = YES_AGGRESSIVE;
				CLANG_WARN_UNREACHABLE_CODE = YES;
				CLANG_WARN__DUPLICATE_METHOD_MATCH = YES;
				COPY_PHASE_STRIP = NO;
				DEBUG_INFORMATION_FORMAT = "dwarf-with-dsym";
				ENABLE_NS_ASSERTIONS = NO;
				ENABLE_STRICT_OBJC_MSGSEND = YES;
				GCC_C_LANGUAGE_STANDARD = gnu11;
				GCC_NO_COMMON_BLOCKS = YES;
				GCC_WARN_64_TO_32_BIT_CONVERSION = YES;
				GCC_WARN_ABOUT_RETURN_TYPE = YES_ERROR;
				GCC_WARN_UNDECLARED_SELECTOR = YES;
				GCC_WARN_UNINITIALIZED_AUTOS = YES_AGGRESSIVE;
				GCC_WARN_UNUSED_FUNCTION = YES;
				GCC_WARN_UNUSED_VARIABLE = YES;
				IPHONEOS_DEPLOYMENT_TARGET = 16.4;
				MTL_ENABLE_DEBUG_INFO = NO;
				MTL_FAST_MATH = YES;
				SDKROOT = iphoneos;
				SWIFT_COMPILATION_MODE = wholemodule;
				SWIFT_OPTIMIZATION_LEVEL = "-O";
				VALIDATE_PRODUCT = YES;
			};
			name = Release;
		};
		7BD0CE1E2A33131B00571916 /* Debug */ = {
			isa = XCBuildConfiguration;
			buildSettings = {
				ASSETCATALOG_COMPILER_APPICON_NAME = AppIcon;
				ASSETCATALOG_COMPILER_GLOBAL_ACCENT_COLOR_NAME = AccentColor;
				CODE_SIGN_STYLE = Automatic;
				CURRENT_PROJECT_VERSION = 1;
				DEVELOPMENT_ASSET_PATHS = "\"Moonshot/Preview Content\"";
				DEVELOPMENT_TEAM = B9S7PB8R45;
				ENABLE_PREVIEWS = YES;
				GENERATE_INFOPLIST_FILE = YES;
				INFOPLIST_KEY_UIApplicationSceneManifest_Generation = YES;
				INFOPLIST_KEY_UIApplicationSupportsIndirectInputEvents = YES;
				INFOPLIST_KEY_UILaunchScreen_Generation = YES;
				INFOPLIST_KEY_UISupportedInterfaceOrientations_iPad = "UIInterfaceOrientationPortrait UIInterfaceOrientationPortraitUpsideDown UIInterfaceOrientationLandscapeLeft UIInterfaceOrientationLandscapeRight";
				INFOPLIST_KEY_UISupportedInterfaceOrientations_iPhone = "UIInterfaceOrientationPortrait UIInterfaceOrientationLandscapeLeft UIInterfaceOrientationLandscapeRight";
				LD_RUNPATH_SEARCH_PATHS = (
					"$(inherited)",
					"@executable_path/Frameworks",
				);
				MARKETING_VERSION = 1.0;
				PRODUCT_BUNDLE_IDENTIFIER = com.pagopatito.Moonshot;
				PRODUCT_NAME = "$(TARGET_NAME)";
				SWIFT_EMIT_LOC_STRINGS = YES;
				SWIFT_VERSION = 5.0;
				TARGETED_DEVICE_FAMILY = "1,2";
			};
			name = Debug;
		};
		7BD0CE1F2A33131B00571916 /* Release */ = {
			isa = XCBuildConfiguration;
			buildSettings = {
				ASSETCATALOG_COMPILER_APPICON_NAME = AppIcon;
				ASSETCATALOG_COMPILER_GLOBAL_ACCENT_COLOR_NAME = AccentColor;
				CODE_SIGN_STYLE = Automatic;
				CURRENT_PROJECT_VERSION = 1;
				DEVELOPMENT_ASSET_PATHS = "\"Moonshot/Preview Content\"";
				DEVELOPMENT_TEAM = B9S7PB8R45;
				ENABLE_PREVIEWS = YES;
				GENERATE_INFOPLIST_FILE = YES;
				INFOPLIST_KEY_UIApplicationSceneManifest_Generation = YES;
				INFOPLIST_KEY_UIApplicationSupportsIndirectInputEvents = YES;
				INFOPLIST_KEY_UILaunchScreen_Generation = YES;
				INFOPLIST_KEY_UISupportedInterfaceOrientations_iPad = "UIInterfaceOrientationPortrait UIInterfaceOrientationPortraitUpsideDown UIInterfaceOrientationLandscapeLeft UIInterfaceOrientationLandscapeRight";
				INFOPLIST_KEY_UISupportedInterfaceOrientations_iPhone = "UIInterfaceOrientationPortrait UIInterfaceOrientationLandscapeLeft UIInterfaceOrientationLandscapeRight";
				LD_RUNPATH_SEARCH_PATHS = (
					"$(inherited)",
					"@executable_path/Frameworks",
				);
				MARKETING_VERSION = 1.0;
				PRODUCT_BUNDLE_IDENTIFIER = com.pagopatito.Moonshot;
				PRODUCT_NAME = "$(TARGET_NAME)";
				SWIFT_EMIT_LOC_STRINGS = YES;
				SWIFT_VERSION = 5.0;
				TARGETED_DEVICE_FAMILY = "1,2";
			};
			name = Release;
		};
/* End XCBuildConfiguration section */

/* Begin XCConfigurationList section */
		7BD0CE0A2A33131900571916 /* Build configuration list for PBXProject "Moonshot" */ = {
			isa = XCConfigurationList;
			buildConfigurations = (
				7BD0CE1B2A33131B00571916 /* Debug */,
				7BD0CE1C2A33131B00571916 /* Release */,
			);
			defaultConfigurationIsVisible = 0;
			defaultConfigurationName = Release;
		};
		7BD0CE1D2A33131B00571916 /* Build configuration list for PBXNativeTarget "Moonshot" */ = {
			isa = XCConfigurationList;
			buildConfigurations = (
				7BD0CE1E2A33131B00571916 /* Debug */,
				7BD0CE1F2A33131B00571916 /* Release */,
			);
			defaultConfigurationIsVisible = 0;
			defaultConfigurationName = Release;
		};
/* End XCConfigurationList section */
	};
	rootObject = 7BD0CE072A33131900571916 /* Project object */;
}
